// !$*UTF8*$!
{
	archiveVersion = 1;
	classes = {
	};
	objectVersion = 46;
	objects = {

/* Begin PBXBuildFile section */
		CC5823E01D14FEC0005B1344 /* AppDelegate.swift in Sources */ = {isa = PBXBuildFile; fileRef = CC5823DF1D14FEC0005B1344 /* AppDelegate.swift */; };
		CC5823E21D14FEC0005B1344 /* ViewController.swift in Sources */ = {isa = PBXBuildFile; fileRef = CC5823E11D14FEC0005B1344 /* ViewController.swift */; };
		CC5823E41D14FEC0005B1344 /* Assets.xcassets in Resources */ = {isa = PBXBuildFile; fileRef = CC5823E31D14FEC0005B1344 /* Assets.xcassets */; };
		CC5823E71D14FEC0005B1344 /* Main.storyboard in Resources */ = {isa = PBXBuildFile; fileRef = CC5823E51D14FEC0005B1344 /* Main.storyboard */; };
		CC5823FE1D14FF01005B1344 /* DollarTests.swift in Sources */ = {isa = PBXBuildFile; fileRef = CC5823FC1D14FF01005B1344 /* DollarTests.swift */; };
		CC5823FF1D14FF01005B1344 /* FrancTests.swift in Sources */ = {isa = PBXBuildFile; fileRef = CC5823FD1D14FF01005B1344 /* FrancTests.swift */; };
		CC5824031D14FF22005B1344 /* Dollar.swift in Sources */ = {isa = PBXBuildFile; fileRef = CC5824001D14FF22005B1344 /* Dollar.swift */; };
		CC5824041D14FF22005B1344 /* Frenc.swift in Sources */ = {isa = PBXBuildFile; fileRef = CC5824011D14FF22005B1344 /* Frenc.swift */; };
		CC5824051D14FF22005B1344 /* Money.swift in Sources */ = {isa = PBXBuildFile; fileRef = CC5824021D14FF22005B1344 /* Money.swift */; };
/* End PBXBuildFile section */

/* Begin PBXContainerItemProxy section */
		CC5823EE1D14FEC0005B1344 /* PBXContainerItemProxy */ = {
			isa = PBXContainerItemProxy;
			containerPortal = CC5823D41D14FEC0005B1344 /* Project object */;
			proxyType = 1;
			remoteGlobalIDString = CC5823DB1D14FEC0005B1344;
			remoteInfo = TDDByExample;
		};
/* End PBXContainerItemProxy section */

/* Begin PBXFileReference section */
		CC5823DC1D14FEC0005B1344 /* TDDByExample.app */ = {isa = PBXFileReference; explicitFileType = wrapper.application; includeInIndex = 0; path = TDDByExample.app; sourceTree = BUILT_PRODUCTS_DIR; };
		CC5823DF1D14FEC0005B1344 /* AppDelegate.swift */ = {isa = PBXFileReference; lastKnownFileType = sourcecode.swift; path = AppDelegate.swift; sourceTree = "<group>"; };
		CC5823E11D14FEC0005B1344 /* ViewController.swift */ = {isa = PBXFileReference; lastKnownFileType = sourcecode.swift; path = ViewController.swift; sourceTree = "<group>"; };
		CC5823E31D14FEC0005B1344 /* Assets.xcassets */ = {isa = PBXFileReference; lastKnownFileType = folder.assetcatalog; path = Assets.xcassets; sourceTree = "<group>"; };
		CC5823E61D14FEC0005B1344 /* Base */ = {isa = PBXFileReference; lastKnownFileType = file.storyboard; name = Base; path = Base.lproj/Main.storyboard; sourceTree = "<group>"; };
		CC5823E81D14FEC0005B1344 /* Info.plist */ = {isa = PBXFileReference; lastKnownFileType = text.plist.xml; path = Info.plist; sourceTree = "<group>"; };
		CC5823ED1D14FEC0005B1344 /* TDDByExampleTests.xctest */ = {isa = PBXFileReference; explicitFileType = wrapper.cfbundle; includeInIndex = 0; path = TDDByExampleTests.xctest; sourceTree = BUILT_PRODUCTS_DIR; };
		CC5823F31D14FEC0005B1344 /* Info.plist */ = {isa = PBXFileReference; lastKnownFileType = text.plist.xml; path = Info.plist; sourceTree = "<group>"; };
		CC5823FC1D14FF01005B1344 /* DollarTests.swift */ = {isa = PBXFileReference; fileEncoding = 4; lastKnownFileType = sourcecode.swift; name = DollarTests.swift; path = Model/DollarTests.swift; sourceTree = "<group>"; };
		CC5823FD1D14FF01005B1344 /* FrancTests.swift */ = {isa = PBXFileReference; fileEncoding = 4; lastKnownFileType = sourcecode.swift; name = FrancTests.swift; path = Model/FrancTests.swift; sourceTree = "<group>"; };
		CC5824001D14FF22005B1344 /* Dollar.swift */ = {isa = PBXFileReference; fileEncoding = 4; lastKnownFileType = sourcecode.swift; name = Dollar.swift; path = Model/Dollar.swift; sourceTree = "<group>"; };
		CC5824011D14FF22005B1344 /* Frenc.swift */ = {isa = PBXFileReference; fileEncoding = 4; lastKnownFileType = sourcecode.swift; name = Frenc.swift; path = Model/Frenc.swift; sourceTree = "<group>"; };
		CC5824021D14FF22005B1344 /* Money.swift */ = {isa = PBXFileReference; fileEncoding = 4; lastKnownFileType = sourcecode.swift; name = Money.swift; path = Model/Money.swift; sourceTree = "<group>"; };
/* End PBXFileReference section */

/* Begin PBXFrameworksBuildPhase section */
		CC5823D91D14FEC0005B1344 /* Frameworks */ = {
			isa = PBXFrameworksBuildPhase;
			buildActionMask = 2147483647;
			files = (
			);
			runOnlyForDeploymentPostprocessing = 0;
		};
		CC5823EA1D14FEC0005B1344 /* Frameworks */ = {
			isa = PBXFrameworksBuildPhase;
			buildActionMask = 2147483647;
			files = (
			);
			runOnlyForDeploymentPostprocessing = 0;
		};
/* End PBXFrameworksBuildPhase section */

/* Begin PBXGroup section */
		CC5823D31D14FEC0005B1344 = {
			isa = PBXGroup;
			children = (
				CC5823DE1D14FEC0005B1344 /* TDDByExample */,
				CC5823F01D14FEC0005B1344 /* TDDByExampleTests */,
				CC5823DD1D14FEC0005B1344 /* Products */,
			);
			sourceTree = "<group>";
		};
		CC5823DD1D14FEC0005B1344 /* Products */ = {
			isa = PBXGroup;
			children = (
				CC5823DC1D14FEC0005B1344 /* TDDByExample.app */,
				CC5823ED1D14FEC0005B1344 /* TDDByExampleTests.xctest */,
			);
			name = Products;
			sourceTree = "<group>";
		};
		CC5823DE1D14FEC0005B1344 /* TDDByExample */ = {
			isa = PBXGroup;
			children = (
				CC5824061D14FF26005B1344 /* Model */,
				CC5823DF1D14FEC0005B1344 /* AppDelegate.swift */,
				CC5823E11D14FEC0005B1344 /* ViewController.swift */,
				CC5823E31D14FEC0005B1344 /* Assets.xcassets */,
				CC5823E51D14FEC0005B1344 /* Main.storyboard */,
				CC5823E81D14FEC0005B1344 /* Info.plist */,
			);
			path = TDDByExample;
			sourceTree = "<group>";
		};
		CC5823F01D14FEC0005B1344 /* TDDByExampleTests */ = {
			isa = PBXGroup;
			children = (
				CC5824071D14FF2C005B1344 /* Model */,
				CC5823F31D14FEC0005B1344 /* Info.plist */,
			);
			path = TDDByExampleTests;
			sourceTree = "<group>";
		};
		CC5824061D14FF26005B1344 /* Model */ = {
			isa = PBXGroup;
			children = (
				CC5824001D14FF22005B1344 /* Dollar.swift */,
				CC5824011D14FF22005B1344 /* Frenc.swift */,
				CC5824021D14FF22005B1344 /* Money.swift */,
			);
			name = Model;
			sourceTree = "<group>";
		};
		CC5824071D14FF2C005B1344 /* Model */ = {
			isa = PBXGroup;
			children = (
				CC5823FC1D14FF01005B1344 /* DollarTests.swift */,
				CC5823FD1D14FF01005B1344 /* FrancTests.swift */,
			);
			name = Model;
			sourceTree = "<group>";
		};
/* End PBXGroup section */

/* Begin PBXNativeTarget section */
		CC5823DB1D14FEC0005B1344 /* TDDByExample */ = {
			isa = PBXNativeTarget;
			buildConfigurationList = CC5823F61D14FEC0005B1344 /* Build configuration list for PBXNativeTarget "TDDByExample" */;
			buildPhases = (
				CC5823D81D14FEC0005B1344 /* Sources */,
				CC5823D91D14FEC0005B1344 /* Frameworks */,
				CC5823DA1D14FEC0005B1344 /* Resources */,
			);
			buildRules = (
			);
			dependencies = (
			);
			name = TDDByExample;
			productName = TDDByExample;
			productReference = CC5823DC1D14FEC0005B1344 /* TDDByExample.app */;
			productType = "com.apple.product-type.application";
		};
		CC5823EC1D14FEC0005B1344 /* TDDByExampleTests */ = {
			isa = PBXNativeTarget;
			buildConfigurationList = CC5823F91D14FEC0005B1344 /* Build configuration list for PBXNativeTarget "TDDByExampleTests" */;
			buildPhases = (
				CC5823E91D14FEC0005B1344 /* Sources */,
				CC5823EA1D14FEC0005B1344 /* Frameworks */,
				CC5823EB1D14FEC0005B1344 /* Resources */,
			);
			buildRules = (
			);
			dependencies = (
				CC5823EF1D14FEC0005B1344 /* PBXTargetDependency */,
			);
			name = TDDByExampleTests;
			productName = TDDByExampleTests;
			productReference = CC5823ED1D14FEC0005B1344 /* TDDByExampleTests.xctest */;
			productType = "com.apple.product-type.bundle.unit-test";
		};
/* End PBXNativeTarget section */

/* Begin PBXProject section */
		CC5823D41D14FEC0005B1344 /* Project object */ = {
			isa = PBXProject;
			attributes = {
				LastSwiftUpdateCheck = 0730;
				LastUpgradeCheck = 0730;
				ORGANIZATIONNAME = "Steve Jo";
				TargetAttributes = {
					CC5823DB1D14FEC0005B1344 = {
						CreatedOnToolsVersion = 7.3.1;
					};
					CC5823EC1D14FEC0005B1344 = {
						CreatedOnToolsVersion = 7.3.1;
						TestTargetID = CC5823DB1D14FEC0005B1344;
					};
				};
			};
			buildConfigurationList = CC5823D71D14FEC0005B1344 /* Build configuration list for PBXProject "TDDByExample" */;
			compatibilityVersion = "Xcode 3.2";
			developmentRegion = English;
			hasScannedForEncodings = 0;
			knownRegions = (
				en,
				Base,
			);
			mainGroup = CC5823D31D14FEC0005B1344;
			productRefGroup = CC5823DD1D14FEC0005B1344 /* Products */;
			projectDirPath = "";
			projectRoot = "";
			targets = (
				CC5823DB1D14FEC0005B1344 /* TDDByExample */,
				CC5823EC1D14FEC0005B1344 /* TDDByExampleTests */,
			);
		};
/* End PBXProject section */

/* Begin PBXResourcesBuildPhase section */
		CC5823DA1D14FEC0005B1344 /* Resources */ = {
			isa = PBXResourcesBuildPhase;
			buildActionMask = 2147483647;
			files = (
				CC5823E41D14FEC0005B1344 /* Assets.xcassets in Resources */,
				CC5823E71D14FEC0005B1344 /* Main.storyboard in Resources */,
			);
			runOnlyForDeploymentPostprocessing = 0;
		};
		CC5823EB1D14FEC0005B1344 /* Resources */ = {
			isa = PBXResourcesBuildPhase;
			buildActionMask = 2147483647;
			files = (
			);
			runOnlyForDeploymentPostprocessing = 0;
		};
/* End PBXResourcesBuildPhase section */

/* Begin PBXSourcesBuildPhase section */
		CC5823D81D14FEC0005B1344 /* Sources */ = {
			isa = PBXSourcesBuildPhase;
			buildActionMask = 2147483647;
			files = (
				CC5824041D14FF22005B1344 /* Frenc.swift in Sources */,
				CC5824051D14FF22005B1344 /* Money.swift in Sources */,
				CC5823E21D14FEC0005B1344 /* ViewController.swift in Sources */,
				CC5824031D14FF22005B1344 /* Dollar.swift in Sources */,
				CC5823E01D14FEC0005B1344 /* AppDelegate.swift in Sources */,
			);
			runOnlyForDeploymentPostprocessing = 0;
		};
		CC5823E91D14FEC0005B1344 /* Sources */ = {
			isa = PBXSourcesBuildPhase;
			buildActionMask = 2147483647;
			files = (
				CC5823FF1D14FF01005B1344 /* FrancTests.swift in Sources */,
				CC5823FE1D14FF01005B1344 /* DollarTests.swift in Sources */,
			);
			runOnlyForDeploymentPostprocessing = 0;
		};
/* End PBXSourcesBuildPhase section */

/* Begin PBXTargetDependency section */
		CC5823EF1D14FEC0005B1344 /* PBXTargetDependency */ = {
			isa = PBXTargetDependency;
			target = CC5823DB1D14FEC0005B1344 /* TDDByExample */;
			targetProxy = CC5823EE1D14FEC0005B1344 /* PBXContainerItemProxy */;
		};
/* End PBXTargetDependency section */

/* Begin PBXVariantGroup section */
		CC5823E51D14FEC0005B1344 /* Main.storyboard */ = {
			isa = PBXVariantGroup;
			children = (
				CC5823E61D14FEC0005B1344 /* Base */,
			);
			name = Main.storyboard;
			sourceTree = "<group>";
		};
/* End PBXVariantGroup section */

/* Begin XCBuildConfiguration section */
		CC5823F41D14FEC0005B1344 /* Debug */ = {
			isa = XCBuildConfiguration;
			buildSettings = {
				ALWAYS_SEARCH_USER_PATHS = NO;
				CLANG_ANALYZER_NONNULL = YES;
				CLANG_CXX_LANGUAGE_STANDARD = "gnu++0x";
				CLANG_CXX_LIBRARY = "libc++";
				CLANG_ENABLE_MODULES = YES;
				CLANG_ENABLE_OBJC_ARC = YES;
				CLANG_WARN_BOOL_CONVERSION = YES;
				CLANG_WARN_CONSTANT_CONVERSION = YES;
				CLANG_WARN_DIRECT_OBJC_ISA_USAGE = YES_ERROR;
				CLANG_WARN_EMPTY_BODY = YES;
				CLANG_WARN_ENUM_CONVERSION = YES;
				CLANG_WARN_INT_CONVERSION = YES;
				CLANG_WARN_OBJC_ROOT_CLASS = YES_ERROR;
				CLANG_WARN_UNREACHABLE_CODE = YES;
				CLANG_WARN__DUPLICATE_METHOD_MATCH = YES;
				CODE_SIGN_IDENTITY = "-";
				COPY_PHASE_STRIP = NO;
				DEBUG_INFORMATION_FORMAT = dwarf;
				ENABLE_STRICT_OBJC_MSGSEND = YES;
				ENABLE_TESTABILITY = YES;
				GCC_C_LANGUAGE_STANDARD = gnu99;
				GCC_DYNAMIC_NO_PIC = NO;
				GCC_NO_COMMON_BLOCKS = YES;
				GCC_OPTIMIZATION_LEVEL = 0;
				GCC_PREPROCESSOR_DEFINITIONS = (
					"DEBUG=1",
					"$(inherited)",
				);
				GCC_WARN_64_TO_32_BIT_CONVERSION = YES;
				GCC_WARN_ABOUT_RETURN_TYPE = YES_ERROR;
				GCC_WARN_UNDECLARED_SELECTOR = YES;
				GCC_WARN_UNINITIALIZED_AUTOS = YES_AGGRESSIVE;
				GCC_WARN_UNUSED_FUNCTION = YES;
				GCC_WARN_UNUSED_VARIABLE = YES;
				MACOSX_DEPLOYMENT_TARGET = 10.11;
				MTL_ENABLE_DEBUG_INFO = YES;
				ONLY_ACTIVE_ARCH = YES;
				SDKROOT = macosx;
				SWIFT_OPTIMIZATION_LEVEL = "-Onone";
			};
			name = Debug;
		};
		CC5823F51D14FEC0005B1344 /* Release */ = {
			isa = XCBuildConfiguration;
			buildSettings = {
				ALWAYS_SEARCH_USER_PATHS = NO;
				CLANG_ANALYZER_NONNULL = YES;
				CLANG_CXX_LANGUAGE_STANDARD = "gnu++0x";
				CLANG_CXX_LIBRARY = "libc++";
				CLANG_ENABLE_MODULES = YES;
				CLANG_ENABLE_OBJC_ARC = YES;
				CLANG_WARN_BOOL_CONVERSION = YES;
				CLANG_WARN_CONSTANT_CONVERSION = YES;
				CLANG_WARN_DIRECT_OBJC_ISA_USAGE = YES_ERROR;
				CLANG_WARN_EMPTY_BODY = YES;
				CLANG_WARN_ENUM_CONVERSION = YES;
				CLANG_WARN_INT_CONVERSION = YES;
				CLANG_WARN_OBJC_ROOT_CLASS = YES_ERROR;
				CLANG_WARN_UNREACHABLE_CODE = YES;
				CLANG_WARN__DUPLICATE_METHOD_MATCH = YES;
				CODE_SIGN_IDENTITY = "-";
				COPY_PHASE_STRIP = NO;
				DEBUG_INFORMATION_FORMAT = "dwarf-with-dsym";
				ENABLE_NS_ASSERTIONS = NO;
				ENABLE_STRICT_OBJC_MSGSEND = YES;
				GCC_C_LANGUAGE_STANDARD = gnu99;
				GCC_NO_COMMON_BLOCKS = YES;
				GCC_WARN_64_TO_32_BIT_CONVERSION = YES;
				GCC_WARN_ABOUT_RETURN_TYPE = YES_ERROR;
				GCC_WARN_UNDECLARED_SELECTOR = YES;
				GCC_WARN_UNINITIALIZED_AUTOS = YES_AGGRESSIVE;
				GCC_WARN_UNUSED_FUNCTION = YES;
				GCC_WARN_UNUSED_VARIABLE = YES;
				MACOSX_DEPLOYMENT_TARGET = 10.11;
				MTL_ENABLE_DEBUG_INFO = NO;
				SDKROOT = macosx;
			};
			name = Release;
		};
		CC5823F71D14FEC0005B1344 /* Debug */ = {
			isa = XCBuildConfiguration;
			buildSettings = {
				ASSETCATALOG_COMPILER_APPICON_NAME = AppIcon;
				COMBINE_HIDPI_IMAGES = YES;
				INFOPLIST_FILE = TDDByExample/Info.plist;
				LD_RUNPATH_SEARCH_PATHS = "$(inherited) @executable_path/../Frameworks";
				PRODUCT_BUNDLE_IDENTIFIER = com.trilliwon.TDDByExample;
				PRODUCT_NAME = "$(TARGET_NAME)";
			};
			name = Debug;
		};
		CC5823F81D14FEC0005B1344 /* Release */ = {
			isa = XCBuildConfiguration;
			buildSettings = {
				ASSETCATALOG_COMPILER_APPICON_NAME = AppIcon;
				COMBINE_HIDPI_IMAGES = YES;
				INFOPLIST_FILE = TDDByExample/Info.plist;
				LD_RUNPATH_SEARCH_PATHS = "$(inherited) @executable_path/../Frameworks";
				PRODUCT_BUNDLE_IDENTIFIER = com.trilliwon.TDDByExample;
				PRODUCT_NAME = "$(TARGET_NAME)";
			};
			name = Release;
		};
		CC5823FA1D14FEC0005B1344 /* Debug */ = {
			isa = XCBuildConfiguration;
			buildSettings = {
				BUNDLE_LOADER = "$(TEST_HOST)";
				COMBINE_HIDPI_IMAGES = YES;
				INFOPLIST_FILE = TDDByExampleTests/Info.plist;
				LD_RUNPATH_SEARCH_PATHS = "$(inherited) @executable_path/../Frameworks @loader_path/../Frameworks";
				PRODUCT_BUNDLE_IDENTIFIER = com.trilliwon.TDDByExampleTests;
				PRODUCT_NAME = "$(TARGET_NAME)";
				TEST_HOST = "$(BUILT_PRODUCTS_DIR)/TDDByExample.app/Contents/MacOS/TDDByExample";
			};
			name = Debug;
		};
		CC5823FB1D14FEC0005B1344 /* Release */ = {
			isa = XCBuildConfiguration;
			buildSettings = {
				BUNDLE_LOADER = "$(TEST_HOST)";
				COMBINE_HIDPI_IMAGES = YES;
				INFOPLIST_FILE = TDDByExampleTests/Info.plist;
				LD_RUNPATH_SEARCH_PATHS = "$(inherited) @executable_path/../Frameworks @loader_path/../Frameworks";
				PRODUCT_BUNDLE_IDENTIFIER = com.trilliwon.TDDByExampleTests;
				PRODUCT_NAME = "$(TARGET_NAME)";
				TEST_HOST = "$(BUILT_PRODUCTS_DIR)/TDDByExample.app/Contents/MacOS/TDDByExample";
			};
			name = Release;
		};
/* End XCBuildConfiguration section */

/* Begin XCConfigurationList section */
		CC5823D71D14FEC0005B1344 /* Build configuration list for PBXProject "TDDByExample" */ = {
			isa = XCConfigurationList;
			buildConfigurations = (
				CC5823F41D14FEC0005B1344 /* Debug */,
				CC5823F51D14FEC0005B1344 /* Release */,
			);
			defaultConfigurationIsVisible = 0;
			defaultConfigurationName = Release;
		};
		CC5823F61D14FEC0005B1344 /* Build configuration list for PBXNativeTarget "TDDByExample" */ = {
			isa = XCConfigurationList;
			buildConfigurations = (
				CC5823F71D14FEC0005B1344 /* Debug */,
				CC5823F81D14FEC0005B1344 /* Release */,
			);
			defaultConfigurationIsVisible = 0;
		};
		CC5823F91D14FEC0005B1344 /* Build configuration list for PBXNativeTarget "TDDByExampleTests" */ = {
			isa = XCConfigurationList;
			buildConfigurations = (
				CC5823FA1D14FEC0005B1344 /* Debug */,
				CC5823FB1D14FEC0005B1344 /* Release */,
			);
			defaultConfigurationIsVisible = 0;
		};
/* End XCConfigurationList section */
	};
	rootObject = CC5823D41D14FEC0005B1344 /* Project object */;
}
